
Microsoft Visual Studio Solution File, Format Version 12.00
Project("{FAE04EC0-301F-11D3-BF4B-00C04F79EFBC}") = "ASP.NETCoreWebApplication", "ASP.NETCoreWebApplication\ASP.NETCoreWebApplication.csproj", "{FD05B2F8-05BB-4847-A2AD-13337152010F}"
EndProject
Global
	GlobalSection(SolutionConfigurationPlatforms) = preSolution
		Debug|Any CPU = Debug|Any CPU
		Release|Any CPU = Release|Any CPU
	EndGlobalSection
	GlobalSection(ProjectConfigurationPlatforms) = postSolution
		{FD05B2F8-05BB-4847-A2AD-13337152010F}.Debug|Any CPU.ActiveCfg = Debug|Any CPU
		{FD05B2F8-05BB-4847-A2AD-13337152010F}.Debug|Any CPU.Build.0 = Debug|Any CPU
		{FD05B2F8-05BB-4847-A2AD-13337152010F}.Release|Any CPU.ActiveCfg = Release|Any CPU
		{FD05B2F8-05BB-4847-A2AD-13337152010F}.Release|Any CPU.Build.0 = Release|Any CPU
	EndGlobalSection
EndGlobal
